// !$*UTF8*$!
{
	archiveVersion = 1;
	classes = {
	};
	objectVersion = 56;
	objects = {

/* Begin PBXBuildFile section */
		144027592B11B7FD0008CBC3 /* SeSACRequestInterceptor.swift in Sources */ = {isa = PBXBuildFile; fileRef = 144027582B11B7FD0008CBC3 /* SeSACRequestInterceptor.swift */; };
		1440275B2B1209880008CBC3 /* HomeTableViewCell.swift in Sources */ = {isa = PBXBuildFile; fileRef = 1440275A2B1209880008CBC3 /* HomeTableViewCell.swift */; };
		1440275D2B1209C40008CBC3 /* BaseTableViewCell.swift in Sources */ = {isa = PBXBuildFile; fileRef = 1440275C2B1209C40008CBC3 /* BaseTableViewCell.swift */; };
		144027602B124B590008CBC3 /* ReusableProtocol.swift in Sources */ = {isa = PBXBuildFile; fileRef = 1440275F2B124B590008CBC3 /* ReusableProtocol.swift */; };
		144027632B124B8D0008CBC3 /* Extension + UITableViewCell.swift in Sources */ = {isa = PBXBuildFile; fileRef = 144027622B124B8D0008CBC3 /* Extension + UITableViewCell.swift */; };
		144B80AB2B09173600993347 /* MainHomeViewController.swift in Sources */ = {isa = PBXBuildFile; fileRef = 144B80AA2B09173600993347 /* MainHomeViewController.swift */; };
		146B16CF2B0350C500073B91 /* MakeViewController.swift in Sources */ = {isa = PBXBuildFile; fileRef = 146B16CE2B0350C500073B91 /* MakeViewController.swift */; };
		146B16D22B03538000073B91 /* Extension + UIButton.swift in Sources */ = {isa = PBXBuildFile; fileRef = 146B16D12B03538000073B91 /* Extension + UIButton.swift */; };
		146B16D52B035A5500073B91 /* Extension + UITextFiled.swift in Sources */ = {isa = PBXBuildFile; fileRef = 146B16D42B035A5500073B91 /* Extension + UITextFiled.swift */; };
		146B16D72B0362C300073B91 /* PasswordViewController.swift in Sources */ = {isa = PBXBuildFile; fileRef = 146B16D62B0362C300073B91 /* PasswordViewController.swift */; };
		146B16D92B03672500073B91 /* NicknameViewController.swift in Sources */ = {isa = PBXBuildFile; fileRef = 146B16D82B03672400073B91 /* NicknameViewController.swift */; };
		146B16DB2B03689000073B91 /* PhoneNumberViewController.swift in Sources */ = {isa = PBXBuildFile; fileRef = 146B16DA2B03688F00073B91 /* PhoneNumberViewController.swift */; };
		146B16DD2B037D2800073B91 /* BirthdayViewController.swift in Sources */ = {isa = PBXBuildFile; fileRef = 146B16DC2B037D2800073B91 /* BirthdayViewController.swift */; };
		146B16E02B0388EC00073B91 /* EmailAddressViewModel.swift in Sources */ = {isa = PBXBuildFile; fileRef = 146B16DF2B0388EC00073B91 /* EmailAddressViewModel.swift */; };
		146B16E22B03AE5000073B91 /* APIManager.swift in Sources */ = {isa = PBXBuildFile; fileRef = 146B16E12B03AE5000073B91 /* APIManager.swift */; };
		146B9F5D2B051D8000FCB268 /* NicknameViewModel.swift in Sources */ = {isa = PBXBuildFile; fileRef = 146B9F5C2B051D8000FCB268 /* NicknameViewModel.swift */; };
		146B9F612B051DC800FCB268 /* PhoneNumberViewModel.swift in Sources */ = {isa = PBXBuildFile; fileRef = 146B9F602B051DC800FCB268 /* PhoneNumberViewModel.swift */; };
		146B9F632B051DFB00FCB268 /* BirthdayViewModel.swift in Sources */ = {isa = PBXBuildFile; fileRef = 146B9F622B051DFB00FCB268 /* BirthdayViewModel.swift */; };
		147CC55D2B03C99B00D7DA7C /* Moya in Frameworks */ = {isa = PBXBuildFile; productRef = 147CC55C2B03C99B00D7DA7C /* Moya */; };
		147CC55F2B03CF4800D7DA7C /* APIModel.swift in Sources */ = {isa = PBXBuildFile; fileRef = 147CC55E2B03CF4800D7DA7C /* APIModel.swift */; };
		147CC5612B03D0B800D7DA7C /* API.swift in Sources */ = {isa = PBXBuildFile; fileRef = 147CC5602B03D0B800D7DA7C /* API.swift */; };
		149561FC2B0216ED006CED34 /* AppDelegate.swift in Sources */ = {isa = PBXBuildFile; fileRef = 149561FB2B0216ED006CED34 /* AppDelegate.swift */; };
		149561FE2B0216ED006CED34 /* SceneDelegate.swift in Sources */ = {isa = PBXBuildFile; fileRef = 149561FD2B0216ED006CED34 /* SceneDelegate.swift */; };
		149562002B0216ED006CED34 /* ViewController.swift in Sources */ = {isa = PBXBuildFile; fileRef = 149561FF2B0216ED006CED34 /* ViewController.swift */; };
		149562032B0216ED006CED34 /* Main.storyboard in Resources */ = {isa = PBXBuildFile; fileRef = 149562012B0216ED006CED34 /* Main.storyboard */; };
		149562052B0216EF006CED34 /* Assets.xcassets in Resources */ = {isa = PBXBuildFile; fileRef = 149562042B0216EF006CED34 /* Assets.xcassets */; };
		149562082B0216EF006CED34 /* LaunchScreen.storyboard in Resources */ = {isa = PBXBuildFile; fileRef = 149562062B0216EF006CED34 /* LaunchScreen.storyboard */; };
		149562102B02176D006CED34 /* SignInViewController.swift in Sources */ = {isa = PBXBuildFile; fileRef = 1495620F2B02176D006CED34 /* SignInViewController.swift */; };
		149562132B0231E3006CED34 /* SnapKit in Frameworks */ = {isa = PBXBuildFile; productRef = 149562122B0231E3006CED34 /* SnapKit */; };
		149562162B02320A006CED34 /* RxCocoa in Frameworks */ = {isa = PBXBuildFile; productRef = 149562152B02320A006CED34 /* RxCocoa */; };
		149562182B02320A006CED34 /* RxRelay in Frameworks */ = {isa = PBXBuildFile; productRef = 149562172B02320A006CED34 /* RxRelay */; };
		1495621A2B02320A006CED34 /* RxSwift in Frameworks */ = {isa = PBXBuildFile; productRef = 149562192B02320A006CED34 /* RxSwift */; };
		1495621D2B023218006CED34 /* Kingfisher in Frameworks */ = {isa = PBXBuildFile; productRef = 1495621C2B023218006CED34 /* Kingfisher */; };
		149562232B024DA6006CED34 /* BaseViewController.swift in Sources */ = {isa = PBXBuildFile; fileRef = 149562222B024DA6006CED34 /* BaseViewController.swift */; };
		149562252B0250B8006CED34 /* APIKey.swift in Sources */ = {isa = PBXBuildFile; fileRef = 149562242B0250B8006CED34 /* APIKey.swift */; };
		149562272B0250CF006CED34 /* .gitignore in Resources */ = {isa = PBXBuildFile; fileRef = 149562262B0250CF006CED34 /* .gitignore */; };
		149562292B0253B9006CED34 /* EmailAddressViewController.swift in Sources */ = {isa = PBXBuildFile; fileRef = 149562282B0253B9006CED34 /* EmailAddressViewController.swift */; };
		14B02EBD2B0C965F0052DE07 /* NetworkRepositoryType.swift in Sources */ = {isa = PBXBuildFile; fileRef = 14B02EBC2B0C965F0052DE07 /* NetworkRepositoryType.swift */; };
		14B41FB42B0DD9E600E7DA4F /* MainHomeViewModel.swift in Sources */ = {isa = PBXBuildFile; fileRef = 14B41FB32B0DD9E600E7DA4F /* MainHomeViewModel.swift */; };
		14B41FB72B0DDC6F00E7DA4F /* UserDefaultsManager.swift in Sources */ = {isa = PBXBuildFile; fileRef = 14B41FB62B0DDC6F00E7DA4F /* UserDefaultsManager.swift */; };
		14B41FB92B0DEA5E00E7DA4F /* SignInViewModel.swift in Sources */ = {isa = PBXBuildFile; fileRef = 14B41FB82B0DEA5E00E7DA4F /* SignInViewModel.swift */; };
		14D9F1842B04CEE800E4025F /* PasswordViewModel.swift in Sources */ = {isa = PBXBuildFile; fileRef = 14D9F1832B04CEE800E4025F /* PasswordViewModel.swift */; };
		14F5FC572B066E0800A0C6E5 /* MapAndFlatMap.swift in Sources */ = {isa = PBXBuildFile; fileRef = 14F5FC562B066E0800A0C6E5 /* MapAndFlatMap.swift */; };
		14F8AB192B0B479000493AE1 /* SeSACError.swift in Sources */ = {isa = PBXBuildFile; fileRef = 14F8AB182B0B479000493AE1 /* SeSACError.swift */; };
		14F8AB1C2B0B553500493AE1 /* NetworkRepository.swift in Sources */ = {isa = PBXBuildFile; fileRef = 14F8AB1B2B0B553500493AE1 /* NetworkRepository.swift */; };
		14FCF9162B0F28D1002AE655 /* TokenCheckViewController.swift in Sources */ = {isa = PBXBuildFile; fileRef = 14FCF9152B0F28D1002AE655 /* TokenCheckViewController.swift */; };
		14FCF9192B0F28F4002AE655 /* TokenCheckViewModel.swift in Sources */ = {isa = PBXBuildFile; fileRef = 14FCF9182B0F28F4002AE655 /* TokenCheckViewModel.swift */; };
/* End PBXBuildFile section */

/* Begin PBXFileReference section */
		144027582B11B7FD0008CBC3 /* SeSACRequestInterceptor.swift */ = {isa = PBXFileReference; lastKnownFileType = sourcecode.swift; path = SeSACRequestInterceptor.swift; sourceTree = "<group>"; };
		1440275A2B1209880008CBC3 /* HomeTableViewCell.swift */ = {isa = PBXFileReference; lastKnownFileType = sourcecode.swift; path = HomeTableViewCell.swift; sourceTree = "<group>"; };
		1440275C2B1209C40008CBC3 /* BaseTableViewCell.swift */ = {isa = PBXFileReference; lastKnownFileType = sourcecode.swift; path = BaseTableViewCell.swift; sourceTree = "<group>"; };
		1440275F2B124B590008CBC3 /* ReusableProtocol.swift */ = {isa = PBXFileReference; lastKnownFileType = sourcecode.swift; path = ReusableProtocol.swift; sourceTree = "<group>"; };
		144027622B124B8D0008CBC3 /* Extension + UITableViewCell.swift */ = {isa = PBXFileReference; lastKnownFileType = sourcecode.swift; path = "Extension + UITableViewCell.swift"; sourceTree = "<group>"; };
		144B80AA2B09173600993347 /* MainHomeViewController.swift */ = {isa = PBXFileReference; lastKnownFileType = sourcecode.swift; path = MainHomeViewController.swift; sourceTree = "<group>"; };
		146B16CE2B0350C500073B91 /* MakeViewController.swift */ = {isa = PBXFileReference; lastKnownFileType = sourcecode.swift; path = MakeViewController.swift; sourceTree = "<group>"; };
		146B16D12B03538000073B91 /* Extension + UIButton.swift */ = {isa = PBXFileReference; lastKnownFileType = sourcecode.swift; path = "Extension + UIButton.swift"; sourceTree = "<group>"; };
		146B16D42B035A5500073B91 /* Extension + UITextFiled.swift */ = {isa = PBXFileReference; lastKnownFileType = sourcecode.swift; path = "Extension + UITextFiled.swift"; sourceTree = "<group>"; };
		146B16D62B0362C300073B91 /* PasswordViewController.swift */ = {isa = PBXFileReference; lastKnownFileType = sourcecode.swift; path = PasswordViewController.swift; sourceTree = "<group>"; };
		146B16D82B03672400073B91 /* NicknameViewController.swift */ = {isa = PBXFileReference; lastKnownFileType = sourcecode.swift; path = NicknameViewController.swift; sourceTree = "<group>"; };
		146B16DA2B03688F00073B91 /* PhoneNumberViewController.swift */ = {isa = PBXFileReference; lastKnownFileType = sourcecode.swift; path = PhoneNumberViewController.swift; sourceTree = "<group>"; };
		146B16DC2B037D2800073B91 /* BirthdayViewController.swift */ = {isa = PBXFileReference; lastKnownFileType = sourcecode.swift; path = BirthdayViewController.swift; sourceTree = "<group>"; };
		146B16DF2B0388EC00073B91 /* EmailAddressViewModel.swift */ = {isa = PBXFileReference; lastKnownFileType = sourcecode.swift; path = EmailAddressViewModel.swift; sourceTree = "<group>"; };
		146B16E12B03AE5000073B91 /* APIManager.swift */ = {isa = PBXFileReference; lastKnownFileType = sourcecode.swift; path = APIManager.swift; sourceTree = "<group>"; };
		146B9F5C2B051D8000FCB268 /* NicknameViewModel.swift */ = {isa = PBXFileReference; lastKnownFileType = sourcecode.swift; path = NicknameViewModel.swift; sourceTree = "<group>"; };
		146B9F602B051DC800FCB268 /* PhoneNumberViewModel.swift */ = {isa = PBXFileReference; lastKnownFileType = sourcecode.swift; path = PhoneNumberViewModel.swift; sourceTree = "<group>"; };
		146B9F622B051DFB00FCB268 /* BirthdayViewModel.swift */ = {isa = PBXFileReference; lastKnownFileType = sourcecode.swift; path = BirthdayViewModel.swift; sourceTree = "<group>"; };
		147CC55E2B03CF4800D7DA7C /* APIModel.swift */ = {isa = PBXFileReference; lastKnownFileType = sourcecode.swift; path = APIModel.swift; sourceTree = "<group>"; };
		147CC5602B03D0B800D7DA7C /* API.swift */ = {isa = PBXFileReference; lastKnownFileType = sourcecode.swift; path = API.swift; sourceTree = "<group>"; };
		149561F82B0216ED006CED34 /* LSLProject.app */ = {isa = PBXFileReference; explicitFileType = wrapper.application; includeInIndex = 0; path = LSLProject.app; sourceTree = BUILT_PRODUCTS_DIR; };
		149561FB2B0216ED006CED34 /* AppDelegate.swift */ = {isa = PBXFileReference; lastKnownFileType = sourcecode.swift; path = AppDelegate.swift; sourceTree = "<group>"; };
		149561FD2B0216ED006CED34 /* SceneDelegate.swift */ = {isa = PBXFileReference; lastKnownFileType = sourcecode.swift; path = SceneDelegate.swift; sourceTree = "<group>"; };
		149561FF2B0216ED006CED34 /* ViewController.swift */ = {isa = PBXFileReference; lastKnownFileType = sourcecode.swift; path = ViewController.swift; sourceTree = "<group>"; };
		149562022B0216ED006CED34 /* Base */ = {isa = PBXFileReference; lastKnownFileType = file.storyboard; name = Base; path = Base.lproj/Main.storyboard; sourceTree = "<group>"; };
		149562042B0216EF006CED34 /* Assets.xcassets */ = {isa = PBXFileReference; lastKnownFileType = folder.assetcatalog; path = Assets.xcassets; sourceTree = "<group>"; };
		149562072B0216EF006CED34 /* Base */ = {isa = PBXFileReference; lastKnownFileType = file.storyboard; name = Base; path = Base.lproj/LaunchScreen.storyboard; sourceTree = "<group>"; };
		149562092B0216EF006CED34 /* Info.plist */ = {isa = PBXFileReference; lastKnownFileType = text.plist.xml; path = Info.plist; sourceTree = "<group>"; };
		1495620F2B02176D006CED34 /* SignInViewController.swift */ = {isa = PBXFileReference; lastKnownFileType = sourcecode.swift; path = SignInViewController.swift; sourceTree = "<group>"; };
		149562222B024DA6006CED34 /* BaseViewController.swift */ = {isa = PBXFileReference; lastKnownFileType = sourcecode.swift; path = BaseViewController.swift; sourceTree = "<group>"; };
		149562242B0250B8006CED34 /* APIKey.swift */ = {isa = PBXFileReference; lastKnownFileType = sourcecode.swift; path = APIKey.swift; sourceTree = "<group>"; };
		149562262B0250CF006CED34 /* .gitignore */ = {isa = PBXFileReference; lastKnownFileType = text; path = .gitignore; sourceTree = "<group>"; };
		149562282B0253B9006CED34 /* EmailAddressViewController.swift */ = {isa = PBXFileReference; lastKnownFileType = sourcecode.swift; path = EmailAddressViewController.swift; sourceTree = "<group>"; };
		14B02EBC2B0C965F0052DE07 /* NetworkRepositoryType.swift */ = {isa = PBXFileReference; lastKnownFileType = sourcecode.swift; path = NetworkRepositoryType.swift; sourceTree = "<group>"; };
		14B41FB32B0DD9E600E7DA4F /* MainHomeViewModel.swift */ = {isa = PBXFileReference; lastKnownFileType = sourcecode.swift; path = MainHomeViewModel.swift; sourceTree = "<group>"; };
		14B41FB62B0DDC6F00E7DA4F /* UserDefaultsManager.swift */ = {isa = PBXFileReference; lastKnownFileType = sourcecode.swift; path = UserDefaultsManager.swift; sourceTree = "<group>"; };
		14B41FB82B0DEA5E00E7DA4F /* SignInViewModel.swift */ = {isa = PBXFileReference; lastKnownFileType = sourcecode.swift; path = SignInViewModel.swift; sourceTree = "<group>"; };
		14D9F1832B04CEE800E4025F /* PasswordViewModel.swift */ = {isa = PBXFileReference; lastKnownFileType = sourcecode.swift; path = PasswordViewModel.swift; sourceTree = "<group>"; };
		14F5FC562B066E0800A0C6E5 /* MapAndFlatMap.swift */ = {isa = PBXFileReference; lastKnownFileType = sourcecode.swift; path = MapAndFlatMap.swift; sourceTree = "<group>"; };
		14F8AB182B0B479000493AE1 /* SeSACError.swift */ = {isa = PBXFileReference; lastKnownFileType = sourcecode.swift; path = SeSACError.swift; sourceTree = "<group>"; };
		14F8AB1B2B0B553500493AE1 /* NetworkRepository.swift */ = {isa = PBXFileReference; lastKnownFileType = sourcecode.swift; path = NetworkRepository.swift; sourceTree = "<group>"; };
		14FCF9152B0F28D1002AE655 /* TokenCheckViewController.swift */ = {isa = PBXFileReference; lastKnownFileType = sourcecode.swift; path = TokenCheckViewController.swift; sourceTree = "<group>"; };
		14FCF9182B0F28F4002AE655 /* TokenCheckViewModel.swift */ = {isa = PBXFileReference; lastKnownFileType = sourcecode.swift; path = TokenCheckViewModel.swift; sourceTree = "<group>"; };
/* End PBXFileReference section */

/* Begin PBXFrameworksBuildPhase section */
		149561F52B0216ED006CED34 /* Frameworks */ = {
			isa = PBXFrameworksBuildPhase;
			buildActionMask = 2147483647;
			files = (
				149562182B02320A006CED34 /* RxRelay in Frameworks */,
				149562162B02320A006CED34 /* RxCocoa in Frameworks */,
				147CC55D2B03C99B00D7DA7C /* Moya in Frameworks */,
				1495621A2B02320A006CED34 /* RxSwift in Frameworks */,
				149562132B0231E3006CED34 /* SnapKit in Frameworks */,
				1495621D2B023218006CED34 /* Kingfisher in Frameworks */,
			);
			runOnlyForDeploymentPostprocessing = 0;
		};
/* End PBXFrameworksBuildPhase section */

/* Begin PBXGroup section */
		1440275E2B124B480008CBC3 /* Protocol */ = {
			isa = PBXGroup;
			children = (
				1440275F2B124B590008CBC3 /* ReusableProtocol.swift */,
			);
			path = Protocol;
			sourceTree = "<group>";
		};
		144027612B124B760008CBC3 /* Extension */ = {
			isa = PBXGroup;
			children = (
				144027622B124B8D0008CBC3 /* Extension + UITableViewCell.swift */,
			);
			name = Extension;
			path = Maps/Extension;
			sourceTree = "<group>";
		};
		144B80AC2B09173D00993347 /* Check */ = {
			isa = PBXGroup;
			children = (
				144B80AA2B09173600993347 /* MainHomeViewController.swift */,
				1440275A2B1209880008CBC3 /* HomeTableViewCell.swift */,
				14B41FB32B0DD9E600E7DA4F /* MainHomeViewModel.swift */,
			);
			path = Check;
			sourceTree = "<group>";
		};
		146B16D02B03511600073B91 /* Make */ = {
			isa = PBXGroup;
			children = (
				146B16CE2B0350C500073B91 /* MakeViewController.swift */,
			);
			path = Make;
			sourceTree = "<group>";
		};
		146B16D32B03538500073B91 /* Extension */ = {
			isa = PBXGroup;
			children = (
				146B16D12B03538000073B91 /* Extension + UIButton.swift */,
				146B16D42B035A5500073B91 /* Extension + UITextFiled.swift */,
			);
			path = Extension;
			sourceTree = "<group>";
		};
		146B16DE2B0388D100073B91 /* EmailAddress */ = {
			isa = PBXGroup;
			children = (
				149562282B0253B9006CED34 /* EmailAddressViewController.swift */,
				146B16DF2B0388EC00073B91 /* EmailAddressViewModel.swift */,
			);
			path = EmailAddress;
			sourceTree = "<group>";
		};
		146B16E32B03AE5700073B91 /* Network */ = {
			isa = PBXGroup;
			children = (
				147CC5602B03D0B800D7DA7C /* API.swift */,
				147CC55E2B03CF4800D7DA7C /* APIModel.swift */,
				146B16E12B03AE5000073B91 /* APIManager.swift */,
				14F8AB182B0B479000493AE1 /* SeSACError.swift */,
			);
			path = Network;
			sourceTree = "<group>";
		};
		146B9F5B2B051D4C00FCB268 /* Nickname */ = {
			isa = PBXGroup;
			children = (
				146B16D82B03672400073B91 /* NicknameViewController.swift */,
				146B9F5C2B051D8000FCB268 /* NicknameViewModel.swift */,
			);
			path = Nickname;
			sourceTree = "<group>";
		};
		146B9F5E2B051D9400FCB268 /* PhoneNumber */ = {
			isa = PBXGroup;
			children = (
				146B16DA2B03688F00073B91 /* PhoneNumberViewController.swift */,
				146B9F602B051DC800FCB268 /* PhoneNumberViewModel.swift */,
			);
			path = PhoneNumber;
			sourceTree = "<group>";
		};
		146B9F5F2B051DA200FCB268 /* Birthday */ = {
			isa = PBXGroup;
			children = (
				146B16DC2B037D2800073B91 /* BirthdayViewController.swift */,
				146B9F622B051DFB00FCB268 /* BirthdayViewModel.swift */,
			);
			path = Birthday;
			sourceTree = "<group>";
		};
		149561EF2B0216ED006CED34 = {
			isa = PBXGroup;
			children = (
				149562262B0250CF006CED34 /* .gitignore */,
				149561FA2B0216ED006CED34 /* LSLProject */,
				149561F92B0216ED006CED34 /* Products */,
			);
			sourceTree = "<group>";
		};
		149561F92B0216ED006CED34 /* Products */ = {
			isa = PBXGroup;
			children = (
				149561F82B0216ED006CED34 /* LSLProject.app */,
			);
			name = Products;
			sourceTree = "<group>";
		};
		149561FA2B0216ED006CED34 /* LSLProject */ = {
			isa = PBXGroup;
			children = (
				149561FB2B0216ED006CED34 /* AppDelegate.swift */,
				149561FD2B0216ED006CED34 /* SceneDelegate.swift */,
				149562242B0250B8006CED34 /* APIKey.swift */,
				149561FF2B0216ED006CED34 /* ViewController.swift */,
				14F5FC552B066DF200A0C6E5 /* Maps */,
				144027612B124B760008CBC3 /* Extension */,
				1440275E2B124B480008CBC3 /* Protocol */,
				14B41FB52B0DDC4000E7DA4F /* UserDefaultsManager */,
				146B16E32B03AE5700073B91 /* Network */,
				14F8AB1A2B0B551B00493AE1 /* Repository */,
				149562212B024D9A006CED34 /* Base */,
				14FCF9172B0F28DB002AE655 /* Token */,
				14F5E6242B05A359001B7801 /* SignIn */,
				1495621E2B024D1F006CED34 /* SignUp */,
				146B16D32B03538500073B91 /* Extension */,
				149562012B0216ED006CED34 /* Main.storyboard */,
				149562042B0216EF006CED34 /* Assets.xcassets */,
				149562062B0216EF006CED34 /* LaunchScreen.storyboard */,
				149562092B0216EF006CED34 /* Info.plist */,
			);
			path = LSLProject;
			sourceTree = "<group>";
		};
		1495621E2B024D1F006CED34 /* SignUp */ = {
			isa = PBXGroup;
			children = (
				146B16D02B03511600073B91 /* Make */,
				146B16DE2B0388D100073B91 /* EmailAddress */,
				14D9F1822B04CECD00E4025F /* Password */,
				146B9F5B2B051D4C00FCB268 /* Nickname */,
				146B9F5E2B051D9400FCB268 /* PhoneNumber */,
				146B9F5F2B051DA200FCB268 /* Birthday */,
				144B80AC2B09173D00993347 /* Check */,
			);
			path = SignUp;
			sourceTree = "<group>";
		};
		149562212B024D9A006CED34 /* Base */ = {
			isa = PBXGroup;
			children = (
				1440275C2B1209C40008CBC3 /* BaseTableViewCell.swift */,
				149562222B024DA6006CED34 /* BaseViewController.swift */,
			);
			path = Base;
			sourceTree = "<group>";
		};
		14B41FB52B0DDC4000E7DA4F /* UserDefaultsManager */ = {
			isa = PBXGroup;
			children = (
				14B41FB62B0DDC6F00E7DA4F /* UserDefaultsManager.swift */,
			);
			path = UserDefaultsManager;
			sourceTree = "<group>";
		};
		14D9F1822B04CECD00E4025F /* Password */ = {
			isa = PBXGroup;
			children = (
				146B16D62B0362C300073B91 /* PasswordViewController.swift */,
				14D9F1832B04CEE800E4025F /* PasswordViewModel.swift */,
			);
			path = Password;
			sourceTree = "<group>";
		};
		14F5E6242B05A359001B7801 /* SignIn */ = {
			isa = PBXGroup;
			children = (
				1495620F2B02176D006CED34 /* SignInViewController.swift */,
				14B41FB82B0DEA5E00E7DA4F /* SignInViewModel.swift */,
			);
			path = SignIn;
			sourceTree = "<group>";
		};
		14F5FC552B066DF200A0C6E5 /* Maps */ = {
			isa = PBXGroup;
			children = (
				14F5FC562B066E0800A0C6E5 /* MapAndFlatMap.swift */,
			);
			path = Maps;
			sourceTree = "<group>";
		};
		14F8AB1A2B0B551B00493AE1 /* Repository */ = {
			isa = PBXGroup;
			children = (
				14B02EBC2B0C965F0052DE07 /* NetworkRepositoryType.swift */,
				14F8AB1B2B0B553500493AE1 /* NetworkRepository.swift */,
			);
			path = Repository;
			sourceTree = "<group>";
		};
		14FCF9172B0F28DB002AE655 /* Token */ = {
			isa = PBXGroup;
			children = (
				14FCF9152B0F28D1002AE655 /* TokenCheckViewController.swift */,
				14FCF9182B0F28F4002AE655 /* TokenCheckViewModel.swift */,
				144027582B11B7FD0008CBC3 /* SeSACRequestInterceptor.swift */,
			);
			path = Token;
			sourceTree = "<group>";
		};
/* End PBXGroup section */

/* Begin PBXNativeTarget section */
		149561F72B0216ED006CED34 /* LSLProject */ = {
			isa = PBXNativeTarget;
			buildConfigurationList = 1495620C2B0216EF006CED34 /* Build configuration list for PBXNativeTarget "LSLProject" */;
			buildPhases = (
				149561F42B0216ED006CED34 /* Sources */,
				149561F52B0216ED006CED34 /* Frameworks */,
				149561F62B0216ED006CED34 /* Resources */,
			);
			buildRules = (
			);
			dependencies = (
			);
			name = LSLProject;
			packageProductDependencies = (
				149562122B0231E3006CED34 /* SnapKit */,
				149562152B02320A006CED34 /* RxCocoa */,
				149562172B02320A006CED34 /* RxRelay */,
				149562192B02320A006CED34 /* RxSwift */,
				1495621C2B023218006CED34 /* Kingfisher */,
				147CC55C2B03C99B00D7DA7C /* Moya */,
			);
			productName = LSLProject;
			productReference = 149561F82B0216ED006CED34 /* LSLProject.app */;
			productType = "com.apple.product-type.application";
		};
/* End PBXNativeTarget section */

/* Begin PBXProject section */
		149561F02B0216ED006CED34 /* Project object */ = {
			isa = PBXProject;
			attributes = {
				BuildIndependentTargetsInParallel = 1;
				LastSwiftUpdateCheck = 1500;
				LastUpgradeCheck = 1500;
				TargetAttributes = {
					149561F72B0216ED006CED34 = {
						CreatedOnToolsVersion = 15.0.1;
					};
				};
			};
			buildConfigurationList = 149561F32B0216ED006CED34 /* Build configuration list for PBXProject "LSLProject" */;
			compatibilityVersion = "Xcode 14.0";
			developmentRegion = en;
			hasScannedForEncodings = 0;
			knownRegions = (
				en,
				Base,
			);
			mainGroup = 149561EF2B0216ED006CED34;
			packageReferences = (
				149562112B0231E3006CED34 /* XCRemoteSwiftPackageReference "SnapKit" */,
				149562142B02320A006CED34 /* XCRemoteSwiftPackageReference "RxSwift" */,
				1495621B2B023218006CED34 /* XCRemoteSwiftPackageReference "Kingfisher" */,
				147CC55B2B03C99B00D7DA7C /* XCRemoteSwiftPackageReference "Moya" */,
			);
			productRefGroup = 149561F92B0216ED006CED34 /* Products */;
			projectDirPath = "";
			projectRoot = "";
			targets = (
				149561F72B0216ED006CED34 /* LSLProject */,
			);
		};
/* End PBXProject section */

/* Begin PBXResourcesBuildPhase section */
		149561F62B0216ED006CED34 /* Resources */ = {
			isa = PBXResourcesBuildPhase;
			buildActionMask = 2147483647;
			files = (
				149562272B0250CF006CED34 /* .gitignore in Resources */,
				149562082B0216EF006CED34 /* LaunchScreen.storyboard in Resources */,
				149562052B0216EF006CED34 /* Assets.xcassets in Resources */,
				149562032B0216ED006CED34 /* Main.storyboard in Resources */,
			);
			runOnlyForDeploymentPostprocessing = 0;
		};
/* End PBXResourcesBuildPhase section */

/* Begin PBXSourcesBuildPhase section */
		149561F42B0216ED006CED34 /* Sources */ = {
			isa = PBXSourcesBuildPhase;
			buildActionMask = 2147483647;
			files = (
				146B16E22B03AE5000073B91 /* APIManager.swift in Sources */,
				14F8AB1C2B0B553500493AE1 /* NetworkRepository.swift in Sources */,
				14F8AB192B0B479000493AE1 /* SeSACError.swift in Sources */,
				146B16CF2B0350C500073B91 /* MakeViewController.swift in Sources */,
				146B16D72B0362C300073B91 /* PasswordViewController.swift in Sources */,
				146B16D22B03538000073B91 /* Extension + UIButton.swift in Sources */,
				146B9F612B051DC800FCB268 /* PhoneNumberViewModel.swift in Sources */,
				146B16E02B0388EC00073B91 /* EmailAddressViewModel.swift in Sources */,
				149562102B02176D006CED34 /* SignInViewController.swift in Sources */,
				146B16D52B035A5500073B91 /* Extension + UITextFiled.swift in Sources */,
				144027592B11B7FD0008CBC3 /* SeSACRequestInterceptor.swift in Sources */,
				149562252B0250B8006CED34 /* APIKey.swift in Sources */,
				144B80AB2B09173600993347 /* MainHomeViewController.swift in Sources */,
				14F5FC572B066E0800A0C6E5 /* MapAndFlatMap.swift in Sources */,
				149562292B0253B9006CED34 /* EmailAddressViewController.swift in Sources */,
				14B41FB92B0DEA5E00E7DA4F /* SignInViewModel.swift in Sources */,
				147CC55F2B03CF4800D7DA7C /* APIModel.swift in Sources */,
				149562002B0216ED006CED34 /* ViewController.swift in Sources */,
				1440275D2B1209C40008CBC3 /* BaseTableViewCell.swift in Sources */,
				14B41FB42B0DD9E600E7DA4F /* MainHomeViewModel.swift in Sources */,
				144027632B124B8D0008CBC3 /* Extension + UITableViewCell.swift in Sources */,
				146B16D92B03672500073B91 /* NicknameViewController.swift in Sources */,
				146B9F5D2B051D8000FCB268 /* NicknameViewModel.swift in Sources */,
				14B02EBD2B0C965F0052DE07 /* NetworkRepositoryType.swift in Sources */,
				14FCF9162B0F28D1002AE655 /* TokenCheckViewController.swift in Sources */,
				149561FC2B0216ED006CED34 /* AppDelegate.swift in Sources */,
				146B16DB2B03689000073B91 /* PhoneNumberViewController.swift in Sources */,
				144027602B124B590008CBC3 /* ReusableProtocol.swift in Sources */,
				14D9F1842B04CEE800E4025F /* PasswordViewModel.swift in Sources */,
				14B41FB72B0DDC6F00E7DA4F /* UserDefaultsManager.swift in Sources */,
				146B9F632B051DFB00FCB268 /* BirthdayViewModel.swift in Sources */,
				149561FE2B0216ED006CED34 /* SceneDelegate.swift in Sources */,
				14FCF9192B0F28F4002AE655 /* TokenCheckViewModel.swift in Sources */,
				149562232B024DA6006CED34 /* BaseViewController.swift in Sources */,
				147CC5612B03D0B800D7DA7C /* API.swift in Sources */,
				1440275B2B1209880008CBC3 /* HomeTableViewCell.swift in Sources */,
				146B16DD2B037D2800073B91 /* BirthdayViewController.swift in Sources */,
			);
			runOnlyForDeploymentPostprocessing = 0;
		};
/* End PBXSourcesBuildPhase section */

/* Begin PBXVariantGroup section */
		149562012B0216ED006CED34 /* Main.storyboard */ = {
			isa = PBXVariantGroup;
			children = (
				149562022B0216ED006CED34 /* Base */,
			);
			name = Main.storyboard;
			sourceTree = "<group>";
		};
		149562062B0216EF006CED34 /* LaunchScreen.storyboard */ = {
			isa = PBXVariantGroup;
			children = (
				149562072B0216EF006CED34 /* Base */,
			);
			name = LaunchScreen.storyboard;
			sourceTree = "<group>";
		};
/* End PBXVariantGroup section */

/* Begin XCBuildConfiguration section */
		1495620A2B0216EF006CED34 /* Debug */ = {
			isa = XCBuildConfiguration;
			buildSettings = {
				ALWAYS_SEARCH_USER_PATHS = NO;
				ASSETCATALOG_COMPILER_GENERATE_SWIFT_ASSET_SYMBOL_EXTENSIONS = YES;
				CLANG_ANALYZER_NONNULL = YES;
				CLANG_ANALYZER_NUMBER_OBJECT_CONVERSION = YES_AGGRESSIVE;
				CLANG_CXX_LANGUAGE_STANDARD = "gnu++20";
				CLANG_ENABLE_MODULES = YES;
				CLANG_ENABLE_OBJC_ARC = YES;
				CLANG_ENABLE_OBJC_WEAK = YES;
				CLANG_WARN_BLOCK_CAPTURE_AUTORELEASING = YES;
				CLANG_WARN_BOOL_CONVERSION = YES;
				CLANG_WARN_COMMA = YES;
				CLANG_WARN_CONSTANT_CONVERSION = YES;
				CLANG_WARN_DEPRECATED_OBJC_IMPLEMENTATIONS = YES;
				CLANG_WARN_DIRECT_OBJC_ISA_USAGE = YES_ERROR;
				CLANG_WARN_DOCUMENTATION_COMMENTS = YES;
				CLANG_WARN_EMPTY_BODY = YES;
				CLANG_WARN_ENUM_CONVERSION = YES;
				CLANG_WARN_INFINITE_RECURSION = YES;
				CLANG_WARN_INT_CONVERSION = YES;
				CLANG_WARN_NON_LITERAL_NULL_CONVERSION = YES;
				CLANG_WARN_OBJC_IMPLICIT_RETAIN_SELF = YES;
				CLANG_WARN_OBJC_LITERAL_CONVERSION = YES;
				CLANG_WARN_OBJC_ROOT_CLASS = YES_ERROR;
				CLANG_WARN_QUOTED_INCLUDE_IN_FRAMEWORK_HEADER = YES;
				CLANG_WARN_RANGE_LOOP_ANALYSIS = YES;
				CLANG_WARN_STRICT_PROTOTYPES = YES;
				CLANG_WARN_SUSPICIOUS_MOVE = YES;
				CLANG_WARN_UNGUARDED_AVAILABILITY = YES_AGGRESSIVE;
				CLANG_WARN_UNREACHABLE_CODE = YES;
				CLANG_WARN__DUPLICATE_METHOD_MATCH = YES;
				COPY_PHASE_STRIP = NO;
				DEBUG_INFORMATION_FORMAT = dwarf;
				ENABLE_STRICT_OBJC_MSGSEND = YES;
				ENABLE_TESTABILITY = YES;
				ENABLE_USER_SCRIPT_SANDBOXING = YES;
				GCC_C_LANGUAGE_STANDARD = gnu17;
				GCC_DYNAMIC_NO_PIC = NO;
				GCC_NO_COMMON_BLOCKS = YES;
				GCC_OPTIMIZATION_LEVEL = 0;
				GCC_PREPROCESSOR_DEFINITIONS = (
					"DEBUG=1",
					"$(inherited)",
				);
				GCC_WARN_64_TO_32_BIT_CONVERSION = YES;
				GCC_WARN_ABOUT_RETURN_TYPE = YES_ERROR;
				GCC_WARN_UNDECLARED_SELECTOR = YES;
				GCC_WARN_UNINITIALIZED_AUTOS = YES_AGGRESSIVE;
				GCC_WARN_UNUSED_FUNCTION = YES;
				GCC_WARN_UNUSED_VARIABLE = YES;
				IPHONEOS_DEPLOYMENT_TARGET = 17.0;
				LOCALIZATION_PREFERS_STRING_CATALOGS = YES;
				MTL_ENABLE_DEBUG_INFO = INCLUDE_SOURCE;
				MTL_FAST_MATH = YES;
				ONLY_ACTIVE_ARCH = YES;
				SDKROOT = iphoneos;
				SWIFT_ACTIVE_COMPILATION_CONDITIONS = "DEBUG $(inherited)";
				SWIFT_OPTIMIZATION_LEVEL = "-Onone";
			};
			name = Debug;
		};
		1495620B2B0216EF006CED34 /* Release */ = {
			isa = XCBuildConfiguration;
			buildSettings = {
				ALWAYS_SEARCH_USER_PATHS = NO;
				ASSETCATALOG_COMPILER_GENERATE_SWIFT_ASSET_SYMBOL_EXTENSIONS = YES;
				CLANG_ANALYZER_NONNULL = YES;
				CLANG_ANALYZER_NUMBER_OBJECT_CONVERSION = YES_AGGRESSIVE;
				CLANG_CXX_LANGUAGE_STANDARD = "gnu++20";
				CLANG_ENABLE_MODULES = YES;
				CLANG_ENABLE_OBJC_ARC = YES;
				CLANG_ENABLE_OBJC_WEAK = YES;
				CLANG_WARN_BLOCK_CAPTURE_AUTORELEASING = YES;
				CLANG_WARN_BOOL_CONVERSION = YES;
				CLANG_WARN_COMMA = YES;
				CLANG_WARN_CONSTANT_CONVERSION = YES;
				CLANG_WARN_DEPRECATED_OBJC_IMPLEMENTATIONS = YES;
				CLANG_WARN_DIRECT_OBJC_ISA_USAGE = YES_ERROR;
				CLANG_WARN_DOCUMENTATION_COMMENTS = YES;
				CLANG_WARN_EMPTY_BODY = YES;
				CLANG_WARN_ENUM_CONVERSION = YES;
				CLANG_WARN_INFINITE_RECURSION = YES;
				CLANG_WARN_INT_CONVERSION = YES;
				CLANG_WARN_NON_LITERAL_NULL_CONVERSION = YES;
				CLANG_WARN_OBJC_IMPLICIT_RETAIN_SELF = YES;
				CLANG_WARN_OBJC_LITERAL_CONVERSION = YES;
				CLANG_WARN_OBJC_ROOT_CLASS = YES_ERROR;
				CLANG_WARN_QUOTED_INCLUDE_IN_FRAMEWORK_HEADER = YES;
				CLANG_WARN_RANGE_LOOP_ANALYSIS = YES;
				CLANG_WARN_STRICT_PROTOTYPES = YES;
				CLANG_WARN_SUSPICIOUS_MOVE = YES;
				CLANG_WARN_UNGUARDED_AVAILABILITY = YES_AGGRESSIVE;
				CLANG_WARN_UNREACHABLE_CODE = YES;
				CLANG_WARN__DUPLICATE_METHOD_MATCH = YES;
				COPY_PHASE_STRIP = NO;
				DEBUG_INFORMATION_FORMAT = "dwarf-with-dsym";
				ENABLE_NS_ASSERTIONS = NO;
				ENABLE_STRICT_OBJC_MSGSEND = YES;
				ENABLE_USER_SCRIPT_SANDBOXING = YES;
				GCC_C_LANGUAGE_STANDARD = gnu17;
				GCC_NO_COMMON_BLOCKS = YES;
				GCC_WARN_64_TO_32_BIT_CONVERSION = YES;
				GCC_WARN_ABOUT_RETURN_TYPE = YES_ERROR;
				GCC_WARN_UNDECLARED_SELECTOR = YES;
				GCC_WARN_UNINITIALIZED_AUTOS = YES_AGGRESSIVE;
				GCC_WARN_UNUSED_FUNCTION = YES;
				GCC_WARN_UNUSED_VARIABLE = YES;
				IPHONEOS_DEPLOYMENT_TARGET = 17.0;
				LOCALIZATION_PREFERS_STRING_CATALOGS = YES;
				MTL_ENABLE_DEBUG_INFO = NO;
				MTL_FAST_MATH = YES;
				SDKROOT = iphoneos;
				SWIFT_COMPILATION_MODE = wholemodule;
				VALIDATE_PRODUCT = YES;
			};
			name = Release;
		};
		1495620D2B0216EF006CED34 /* Debug */ = {
			isa = XCBuildConfiguration;
			buildSettings = {
				ASSETCATALOG_COMPILER_APPICON_NAME = AppIcon;
				ASSETCATALOG_COMPILER_GLOBAL_ACCENT_COLOR_NAME = AccentColor;
				CODE_SIGN_STYLE = Automatic;
				CURRENT_PROJECT_VERSION = 1;
				DEVELOPMENT_TEAM = DD66GTY4AT;
				GENERATE_INFOPLIST_FILE = YES;
				INFOPLIST_FILE = LSLProject/Info.plist;
				INFOPLIST_KEY_UIApplicationSupportsIndirectInputEvents = YES;
				INFOPLIST_KEY_UILaunchStoryboardName = LaunchScreen;
				INFOPLIST_KEY_UIMainStoryboardFile = Main;
				INFOPLIST_KEY_UISupportedInterfaceOrientations_iPad = "UIInterfaceOrientationPortrait UIInterfaceOrientationPortraitUpsideDown UIInterfaceOrientationLandscapeLeft UIInterfaceOrientationLandscapeRight";
				INFOPLIST_KEY_UISupportedInterfaceOrientations_iPhone = "UIInterfaceOrientationPortrait UIInterfaceOrientationLandscapeLeft UIInterfaceOrientationLandscapeRight";
				LD_RUNPATH_SEARCH_PATHS = (
					"$(inherited)",
					"@executable_path/Frameworks",
				);
				MARKETING_VERSION = 1.0;
				PRODUCT_BUNDLE_IDENTIFIER = com.raehoon.LSLProject;
				PRODUCT_NAME = "$(TARGET_NAME)";
				SWIFT_EMIT_LOC_STRINGS = YES;
				SWIFT_VERSION = 5.0;
				TARGETED_DEVICE_FAMILY = "1,2";
			};
			name = Debug;
		};
		1495620E2B0216EF006CED34 /* Release */ = {
			isa = XCBuildConfiguration;
			buildSettings = {
				ASSETCATALOG_COMPILER_APPICON_NAME = AppIcon;
				ASSETCATALOG_COMPILER_GLOBAL_ACCENT_COLOR_NAME = AccentColor;
				CODE_SIGN_STYLE = Automatic;
				CURRENT_PROJECT_VERSION = 1;
				DEVELOPMENT_TEAM = DD66GTY4AT;
				GENERATE_INFOPLIST_FILE = YES;
				INFOPLIST_FILE = LSLProject/Info.plist;
				INFOPLIST_KEY_UIApplicationSupportsIndirectInputEvents = YES;
				INFOPLIST_KEY_UILaunchStoryboardName = LaunchScreen;
				INFOPLIST_KEY_UIMainStoryboardFile = Main;
				INFOPLIST_KEY_UISupportedInterfaceOrientations_iPad = "UIInterfaceOrientationPortrait UIInterfaceOrientationPortraitUpsideDown UIInterfaceOrientationLandscapeLeft UIInterfaceOrientationLandscapeRight";
				INFOPLIST_KEY_UISupportedInterfaceOrientations_iPhone = "UIInterfaceOrientationPortrait UIInterfaceOrientationLandscapeLeft UIInterfaceOrientationLandscapeRight";
				LD_RUNPATH_SEARCH_PATHS = (
					"$(inherited)",
					"@executable_path/Frameworks",
				);
				MARKETING_VERSION = 1.0;
				PRODUCT_BUNDLE_IDENTIFIER = com.raehoon.LSLProject;
				PRODUCT_NAME = "$(TARGET_NAME)";
				SWIFT_EMIT_LOC_STRINGS = YES;
				SWIFT_VERSION = 5.0;
				TARGETED_DEVICE_FAMILY = "1,2";
			};
			name = Release;
		};
/* End XCBuildConfiguration section */

/* Begin XCConfigurationList section */
		149561F32B0216ED006CED34 /* Build configuration list for PBXProject "LSLProject" */ = {
			isa = XCConfigurationList;
			buildConfigurations = (
				1495620A2B0216EF006CED34 /* Debug */,
				1495620B2B0216EF006CED34 /* Release */,
			);
			defaultConfigurationIsVisible = 0;
			defaultConfigurationName = Release;
		};
		1495620C2B0216EF006CED34 /* Build configuration list for PBXNativeTarget "LSLProject" */ = {
			isa = XCConfigurationList;
			buildConfigurations = (
				1495620D2B0216EF006CED34 /* Debug */,
				1495620E2B0216EF006CED34 /* Release */,
			);
			defaultConfigurationIsVisible = 0;
			defaultConfigurationName = Release;
		};
/* End XCConfigurationList section */

/* Begin XCRemoteSwiftPackageReference section */
		147CC55B2B03C99B00D7DA7C /* XCRemoteSwiftPackageReference "Moya" */ = {
			isa = XCRemoteSwiftPackageReference;
			repositoryURL = "https://github.com/Moya/Moya.git";
			requirement = {
				kind = upToNextMajorVersion;
				minimumVersion = 15.0.3;
			};
		};
		149562112B0231E3006CED34 /* XCRemoteSwiftPackageReference "SnapKit" */ = {
			isa = XCRemoteSwiftPackageReference;
			repositoryURL = "https://github.com/SnapKit/SnapKit.git";
			requirement = {
				kind = upToNextMajorVersion;
				minimumVersion = 5.6.0;
			};
		};
		149562142B02320A006CED34 /* XCRemoteSwiftPackageReference "RxSwift" */ = {
			isa = XCRemoteSwiftPackageReference;
			repositoryURL = "https://github.com/ReactiveX/RxSwift.git";
			requirement = {
				kind = upToNextMajorVersion;
				minimumVersion = 6.6.0;
			};
		};
		1495621B2B023218006CED34 /* XCRemoteSwiftPackageReference "Kingfisher" */ = {
			isa = XCRemoteSwiftPackageReference;
			repositoryURL = "https://github.com/onevcat/Kingfisher.git";
			requirement = {
				kind = upToNextMajorVersion;
				minimumVersion = 7.10.0;
			};
		};
/* End XCRemoteSwiftPackageReference section */

/* Begin XCSwiftPackageProductDependency section */
		147CC55C2B03C99B00D7DA7C /* Moya */ = {
			isa = XCSwiftPackageProductDependency;
			package = 147CC55B2B03C99B00D7DA7C /* XCRemoteSwiftPackageReference "Moya" */;
			productName = Moya;
		};
		149562122B0231E3006CED34 /* SnapKit */ = {
			isa = XCSwiftPackageProductDependency;
			package = 149562112B0231E3006CED34 /* XCRemoteSwiftPackageReference "SnapKit" */;
			productName = SnapKit;
		};
		149562152B02320A006CED34 /* RxCocoa */ = {
			isa = XCSwiftPackageProductDependency;
			package = 149562142B02320A006CED34 /* XCRemoteSwiftPackageReference "RxSwift" */;
			productName = RxCocoa;
		};
		149562172B02320A006CED34 /* RxRelay */ = {
			isa = XCSwiftPackageProductDependency;
			package = 149562142B02320A006CED34 /* XCRemoteSwiftPackageReference "RxSwift" */;
			productName = RxRelay;
		};
		149562192B02320A006CED34 /* RxSwift */ = {
			isa = XCSwiftPackageProductDependency;
			package = 149562142B02320A006CED34 /* XCRemoteSwiftPackageReference "RxSwift" */;
			productName = RxSwift;
		};
		1495621C2B023218006CED34 /* Kingfisher */ = {
			isa = XCSwiftPackageProductDependency;
			package = 1495621B2B023218006CED34 /* XCRemoteSwiftPackageReference "Kingfisher" */;
			productName = Kingfisher;
		};
/* End XCSwiftPackageProductDependency section */
	};
	rootObject = 149561F02B0216ED006CED34 /* Project object */;
}
