// !$*UTF8*$!
{
	archiveVersion = 1;
	classes = {
	};
	objectVersion = 56;
	objects = {

/* Begin PBXBuildFile section */
		149561FC2B0216ED006CED34 /* AppDelegate.swift in Sources */ = {isa = PBXBuildFile; fileRef = 149561FB2B0216ED006CED34 /* AppDelegate.swift */; };
		149561FE2B0216ED006CED34 /* SceneDelegate.swift in Sources */ = {isa = PBXBuildFile; fileRef = 149561FD2B0216ED006CED34 /* SceneDelegate.swift */; };
		149562002B0216ED006CED34 /* ViewController.swift in Sources */ = {isa = PBXBuildFile; fileRef = 149561FF2B0216ED006CED34 /* ViewController.swift */; };
		149562032B0216ED006CED34 /* Main.storyboard in Resources */ = {isa = PBXBuildFile; fileRef = 149562012B0216ED006CED34 /* Main.storyboard */; };
		149562052B0216EF006CED34 /* Assets.xcassets in Resources */ = {isa = PBXBuildFile; fileRef = 149562042B0216EF006CED34 /* Assets.xcassets */; };
		149562082B0216EF006CED34 /* LaunchScreen.storyboard in Resources */ = {isa = PBXBuildFile; fileRef = 149562062B0216EF006CED34 /* LaunchScreen.storyboard */; };
		149562102B02176D006CED34 /* SignInViewController.swift in Sources */ = {isa = PBXBuildFile; fileRef = 1495620F2B02176D006CED34 /* SignInViewController.swift */; };
		149562132B0231E3006CED34 /* SnapKit in Frameworks */ = {isa = PBXBuildFile; productRef = 149562122B0231E3006CED34 /* SnapKit */; };
		149562162B02320A006CED34 /* RxCocoa in Frameworks */ = {isa = PBXBuildFile; productRef = 149562152B02320A006CED34 /* RxCocoa */; };
		149562182B02320A006CED34 /* RxRelay in Frameworks */ = {isa = PBXBuildFile; productRef = 149562172B02320A006CED34 /* RxRelay */; };
		1495621A2B02320A006CED34 /* RxSwift in Frameworks */ = {isa = PBXBuildFile; productRef = 149562192B02320A006CED34 /* RxSwift */; };
		1495621D2B023218006CED34 /* Kingfisher in Frameworks */ = {isa = PBXBuildFile; productRef = 1495621C2B023218006CED34 /* Kingfisher */; };
		149562232B024DA6006CED34 /* BaseViewController.swift in Sources */ = {isa = PBXBuildFile; fileRef = 149562222B024DA6006CED34 /* BaseViewController.swift */; };
		149562252B0250B8006CED34 /* APIKey.swift in Sources */ = {isa = PBXBuildFile; fileRef = 149562242B0250B8006CED34 /* APIKey.swift */; };
		149562272B0250CF006CED34 /* .gitignore in Resources */ = {isa = PBXBuildFile; fileRef = 149562262B0250CF006CED34 /* .gitignore */; };
		149562292B0253B9006CED34 /* UserNameMakeViewController.swift in Sources */ = {isa = PBXBuildFile; fileRef = 149562282B0253B9006CED34 /* UserNameMakeViewController.swift */; };
/* End PBXBuildFile section */

/* Begin PBXFileReference section */
		149561F82B0216ED006CED34 /* LSLProject.app */ = {isa = PBXFileReference; explicitFileType = wrapper.application; includeInIndex = 0; path = LSLProject.app; sourceTree = BUILT_PRODUCTS_DIR; };
		149561FB2B0216ED006CED34 /* AppDelegate.swift */ = {isa = PBXFileReference; lastKnownFileType = sourcecode.swift; path = AppDelegate.swift; sourceTree = "<group>"; };
		149561FD2B0216ED006CED34 /* SceneDelegate.swift */ = {isa = PBXFileReference; lastKnownFileType = sourcecode.swift; path = SceneDelegate.swift; sourceTree = "<group>"; };
		149561FF2B0216ED006CED34 /* ViewController.swift */ = {isa = PBXFileReference; lastKnownFileType = sourcecode.swift; path = ViewController.swift; sourceTree = "<group>"; };
		149562022B0216ED006CED34 /* Base */ = {isa = PBXFileReference; lastKnownFileType = file.storyboard; name = Base; path = Base.lproj/Main.storyboard; sourceTree = "<group>"; };
		149562042B0216EF006CED34 /* Assets.xcassets */ = {isa = PBXFileReference; lastKnownFileType = folder.assetcatalog; path = Assets.xcassets; sourceTree = "<group>"; };
		149562072B0216EF006CED34 /* Base */ = {isa = PBXFileReference; lastKnownFileType = file.storyboard; name = Base; path = Base.lproj/LaunchScreen.storyboard; sourceTree = "<group>"; };
		149562092B0216EF006CED34 /* Info.plist */ = {isa = PBXFileReference; lastKnownFileType = text.plist.xml; path = Info.plist; sourceTree = "<group>"; };
		1495620F2B02176D006CED34 /* SignInViewController.swift */ = {isa = PBXFileReference; lastKnownFileType = sourcecode.swift; path = SignInViewController.swift; sourceTree = "<group>"; };
		149562222B024DA6006CED34 /* BaseViewController.swift */ = {isa = PBXFileReference; lastKnownFileType = sourcecode.swift; path = BaseViewController.swift; sourceTree = "<group>"; };
		149562242B0250B8006CED34 /* APIKey.swift */ = {isa = PBXFileReference; lastKnownFileType = sourcecode.swift; path = APIKey.swift; sourceTree = "<group>"; };
		149562262B0250CF006CED34 /* .gitignore */ = {isa = PBXFileReference; lastKnownFileType = text; path = .gitignore; sourceTree = "<group>"; };
		149562282B0253B9006CED34 /* UserNameMakeViewController.swift */ = {isa = PBXFileReference; lastKnownFileType = sourcecode.swift; path = UserNameMakeViewController.swift; sourceTree = "<group>"; };
/* End PBXFileReference section */

/* Begin PBXFrameworksBuildPhase section */
		149561F52B0216ED006CED34 /* Frameworks */ = {
			isa = PBXFrameworksBuildPhase;
			buildActionMask = 2147483647;
			files = (
				149562182B02320A006CED34 /* RxRelay in Frameworks */,
				149562162B02320A006CED34 /* RxCocoa in Frameworks */,
				1495621A2B02320A006CED34 /* RxSwift in Frameworks */,
				149562132B0231E3006CED34 /* SnapKit in Frameworks */,
				1495621D2B023218006CED34 /* Kingfisher in Frameworks */,
			);
			runOnlyForDeploymentPostprocessing = 0;
		};
/* End PBXFrameworksBuildPhase section */

/* Begin PBXGroup section */
		149561EF2B0216ED006CED34 = {
			isa = PBXGroup;
			children = (
				149562262B0250CF006CED34 /* .gitignore */,
				149561FA2B0216ED006CED34 /* LSLProject */,
				149561F92B0216ED006CED34 /* Products */,
			);
			sourceTree = "<group>";
		};
		149561F92B0216ED006CED34 /* Products */ = {
			isa = PBXGroup;
			children = (
				149561F82B0216ED006CED34 /* LSLProject.app */,
			);
			name = Products;
			sourceTree = "<group>";
		};
		149561FA2B0216ED006CED34 /* LSLProject */ = {
			isa = PBXGroup;
			children = (
				149561FB2B0216ED006CED34 /* AppDelegate.swift */,
				149561FD2B0216ED006CED34 /* SceneDelegate.swift */,
				149562242B0250B8006CED34 /* APIKey.swift */,
				149561FF2B0216ED006CED34 /* ViewController.swift */,
				1495620F2B02176D006CED34 /* SignInViewController.swift */,
				149562212B024D9A006CED34 /* Base */,
				1495621E2B024D1F006CED34 /* SignUp */,
				149562012B0216ED006CED34 /* Main.storyboard */,
				149562042B0216EF006CED34 /* Assets.xcassets */,
				149562062B0216EF006CED34 /* LaunchScreen.storyboard */,
				149562092B0216EF006CED34 /* Info.plist */,
			);
			path = LSLProject;
			sourceTree = "<group>";
		};
		1495621E2B024D1F006CED34 /* SignUp */ = {
			isa = PBXGroup;
			children = (
				149562282B0253B9006CED34 /* UserNameMakeViewController.swift */,
			);
			path = SignUp;
			sourceTree = "<group>";
		};
		149562212B024D9A006CED34 /* Base */ = {
			isa = PBXGroup;
			children = (
				149562222B024DA6006CED34 /* BaseViewController.swift */,
			);
			path = Base;
			sourceTree = "<group>";
		};
/* End PBXGroup section */

/* Begin PBXNativeTarget section */
		149561F72B0216ED006CED34 /* LSLProject */ = {
			isa = PBXNativeTarget;
			buildConfigurationList = 1495620C2B0216EF006CED34 /* Build configuration list for PBXNativeTarget "LSLProject" */;
			buildPhases = (
				149561F42B0216ED006CED34 /* Sources */,
				149561F52B0216ED006CED34 /* Frameworks */,
				149561F62B0216ED006CED34 /* Resources */,
			);
			buildRules = (
			);
			dependencies = (
			);
			name = LSLProject;
			packageProductDependencies = (
				149562122B0231E3006CED34 /* SnapKit */,
				149562152B02320A006CED34 /* RxCocoa */,
				149562172B02320A006CED34 /* RxRelay */,
				149562192B02320A006CED34 /* RxSwift */,
				1495621C2B023218006CED34 /* Kingfisher */,
			);
			productName = LSLProject;
			productReference = 149561F82B0216ED006CED34 /* LSLProject.app */;
			productType = "com.apple.product-type.application";
		};
/* End PBXNativeTarget section */

/* Begin PBXProject section */
		149561F02B0216ED006CED34 /* Project object */ = {
			isa = PBXProject;
			attributes = {
				BuildIndependentTargetsInParallel = 1;
				LastSwiftUpdateCheck = 1500;
				LastUpgradeCheck = 1500;
				TargetAttributes = {
					149561F72B0216ED006CED34 = {
						CreatedOnToolsVersion = 15.0.1;
					};
				};
			};
			buildConfigurationList = 149561F32B0216ED006CED34 /* Build configuration list for PBXProject "LSLProject" */;
			compatibilityVersion = "Xcode 14.0";
			developmentRegion = en;
			hasScannedForEncodings = 0;
			knownRegions = (
				en,
				Base,
			);
			mainGroup = 149561EF2B0216ED006CED34;
			packageReferences = (
				149562112B0231E3006CED34 /* XCRemoteSwiftPackageReference "SnapKit" */,
				149562142B02320A006CED34 /* XCRemoteSwiftPackageReference "RxSwift" */,
				1495621B2B023218006CED34 /* XCRemoteSwiftPackageReference "Kingfisher" */,
			);
			productRefGroup = 149561F92B0216ED006CED34 /* Products */;
			projectDirPath = "";
			projectRoot = "";
			targets = (
				149561F72B0216ED006CED34 /* LSLProject */,
			);
		};
/* End PBXProject section */

/* Begin PBXResourcesBuildPhase section */
		149561F62B0216ED006CED34 /* Resources */ = {
			isa = PBXResourcesBuildPhase;
			buildActionMask = 2147483647;
			files = (
				149562272B0250CF006CED34 /* .gitignore in Resources */,
				149562082B0216EF006CED34 /* LaunchScreen.storyboard in Resources */,
				149562052B0216EF006CED34 /* Assets.xcassets in Resources */,
				149562032B0216ED006CED34 /* Main.storyboard in Resources */,
			);
			runOnlyForDeploymentPostprocessing = 0;
		};
/* End PBXResourcesBuildPhase section */

/* Begin PBXSourcesBuildPhase section */
		149561F42B0216ED006CED34 /* Sources */ = {
			isa = PBXSourcesBuildPhase;
			buildActionMask = 2147483647;
			files = (
				149562102B02176D006CED34 /* SignInViewController.swift in Sources */,
				149562252B0250B8006CED34 /* APIKey.swift in Sources */,
				149562292B0253B9006CED34 /* UserNameMakeViewController.swift in Sources */,
				149562002B0216ED006CED34 /* ViewController.swift in Sources */,
				149561FC2B0216ED006CED34 /* AppDelegate.swift in Sources */,
				149561FE2B0216ED006CED34 /* SceneDelegate.swift in Sources */,
				149562232B024DA6006CED34 /* BaseViewController.swift in Sources */,
			);
			runOnlyForDeploymentPostprocessing = 0;
		};
/* End PBXSourcesBuildPhase section */

/* Begin PBXVariantGroup section */
		149562012B0216ED006CED34 /* Main.storyboard */ = {
			isa = PBXVariantGroup;
			children = (
				149562022B0216ED006CED34 /* Base */,
			);
			name = Main.storyboard;
			sourceTree = "<group>";
		};
		149562062B0216EF006CED34 /* LaunchScreen.storyboard */ = {
			isa = PBXVariantGroup;
			children = (
				149562072B0216EF006CED34 /* Base */,
			);
			name = LaunchScreen.storyboard;
			sourceTree = "<group>";
		};
/* End PBXVariantGroup section */

/* Begin XCBuildConfiguration section */
		1495620A2B0216EF006CED34 /* Debug */ = {
			isa = XCBuildConfiguration;
			buildSettings = {
				ALWAYS_SEARCH_USER_PATHS = NO;
				ASSETCATALOG_COMPILER_GENERATE_SWIFT_ASSET_SYMBOL_EXTENSIONS = YES;
				CLANG_ANALYZER_NONNULL = YES;
				CLANG_ANALYZER_NUMBER_OBJECT_CONVERSION = YES_AGGRESSIVE;
				CLANG_CXX_LANGUAGE_STANDARD = "gnu++20";
				CLANG_ENABLE_MODULES = YES;
				CLANG_ENABLE_OBJC_ARC = YES;
				CLANG_ENABLE_OBJC_WEAK = YES;
				CLANG_WARN_BLOCK_CAPTURE_AUTORELEASING = YES;
				CLANG_WARN_BOOL_CONVERSION = YES;
				CLANG_WARN_COMMA = YES;
				CLANG_WARN_CONSTANT_CONVERSION = YES;
				CLANG_WARN_DEPRECATED_OBJC_IMPLEMENTATIONS = YES;
				CLANG_WARN_DIRECT_OBJC_ISA_USAGE = YES_ERROR;
				CLANG_WARN_DOCUMENTATION_COMMENTS = YES;
				CLANG_WARN_EMPTY_BODY = YES;
				CLANG_WARN_ENUM_CONVERSION = YES;
				CLANG_WARN_INFINITE_RECURSION = YES;
				CLANG_WARN_INT_CONVERSION = YES;
				CLANG_WARN_NON_LITERAL_NULL_CONVERSION = YES;
				CLANG_WARN_OBJC_IMPLICIT_RETAIN_SELF = YES;
				CLANG_WARN_OBJC_LITERAL_CONVERSION = YES;
				CLANG_WARN_OBJC_ROOT_CLASS = YES_ERROR;
				CLANG_WARN_QUOTED_INCLUDE_IN_FRAMEWORK_HEADER = YES;
				CLANG_WARN_RANGE_LOOP_ANALYSIS = YES;
				CLANG_WARN_STRICT_PROTOTYPES = YES;
				CLANG_WARN_SUSPICIOUS_MOVE = YES;
				CLANG_WARN_UNGUARDED_AVAILABILITY = YES_AGGRESSIVE;
				CLANG_WARN_UNREACHABLE_CODE = YES;
				CLANG_WARN__DUPLICATE_METHOD_MATCH = YES;
				COPY_PHASE_STRIP = NO;
				DEBUG_INFORMATION_FORMAT = dwarf;
				ENABLE_STRICT_OBJC_MSGSEND = YES;
				ENABLE_TESTABILITY = YES;
				ENABLE_USER_SCRIPT_SANDBOXING = YES;
				GCC_C_LANGUAGE_STANDARD = gnu17;
				GCC_DYNAMIC_NO_PIC = NO;
				GCC_NO_COMMON_BLOCKS = YES;
				GCC_OPTIMIZATION_LEVEL = 0;
				GCC_PREPROCESSOR_DEFINITIONS = (
					"DEBUG=1",
					"$(inherited)",
				);
				GCC_WARN_64_TO_32_BIT_CONVERSION = YES;
				GCC_WARN_ABOUT_RETURN_TYPE = YES_ERROR;
				GCC_WARN_UNDECLARED_SELECTOR = YES;
				GCC_WARN_UNINITIALIZED_AUTOS = YES_AGGRESSIVE;
				GCC_WARN_UNUSED_FUNCTION = YES;
				GCC_WARN_UNUSED_VARIABLE = YES;
				IPHONEOS_DEPLOYMENT_TARGET = 17.0;
				LOCALIZATION_PREFERS_STRING_CATALOGS = YES;
				MTL_ENABLE_DEBUG_INFO = INCLUDE_SOURCE;
				MTL_FAST_MATH = YES;
				ONLY_ACTIVE_ARCH = YES;
				SDKROOT = iphoneos;
				SWIFT_ACTIVE_COMPILATION_CONDITIONS = "DEBUG $(inherited)";
				SWIFT_OPTIMIZATION_LEVEL = "-Onone";
			};
			name = Debug;
		};
		1495620B2B0216EF006CED34 /* Release */ = {
			isa = XCBuildConfiguration;
			buildSettings = {
				ALWAYS_SEARCH_USER_PATHS = NO;
				ASSETCATALOG_COMPILER_GENERATE_SWIFT_ASSET_SYMBOL_EXTENSIONS = YES;
				CLANG_ANALYZER_NONNULL = YES;
				CLANG_ANALYZER_NUMBER_OBJECT_CONVERSION = YES_AGGRESSIVE;
				CLANG_CXX_LANGUAGE_STANDARD = "gnu++20";
				CLANG_ENABLE_MODULES = YES;
				CLANG_ENABLE_OBJC_ARC = YES;
				CLANG_ENABLE_OBJC_WEAK = YES;
				CLANG_WARN_BLOCK_CAPTURE_AUTORELEASING = YES;
				CLANG_WARN_BOOL_CONVERSION = YES;
				CLANG_WARN_COMMA = YES;
				CLANG_WARN_CONSTANT_CONVERSION = YES;
				CLANG_WARN_DEPRECATED_OBJC_IMPLEMENTATIONS = YES;
				CLANG_WARN_DIRECT_OBJC_ISA_USAGE = YES_ERROR;
				CLANG_WARN_DOCUMENTATION_COMMENTS = YES;
				CLANG_WARN_EMPTY_BODY = YES;
				CLANG_WARN_ENUM_CONVERSION = YES;
				CLANG_WARN_INFINITE_RECURSION = YES;
				CLANG_WARN_INT_CONVERSION = YES;
				CLANG_WARN_NON_LITERAL_NULL_CONVERSION = YES;
				CLANG_WARN_OBJC_IMPLICIT_RETAIN_SELF = YES;
				CLANG_WARN_OBJC_LITERAL_CONVERSION = YES;
				CLANG_WARN_OBJC_ROOT_CLASS = YES_ERROR;
				CLANG_WARN_QUOTED_INCLUDE_IN_FRAMEWORK_HEADER = YES;
				CLANG_WARN_RANGE_LOOP_ANALYSIS = YES;
				CLANG_WARN_STRICT_PROTOTYPES = YES;
				CLANG_WARN_SUSPICIOUS_MOVE = YES;
				CLANG_WARN_UNGUARDED_AVAILABILITY = YES_AGGRESSIVE;
				CLANG_WARN_UNREACHABLE_CODE = YES;
				CLANG_WARN__DUPLICATE_METHOD_MATCH = YES;
				COPY_PHASE_STRIP = NO;
				DEBUG_INFORMATION_FORMAT = "dwarf-with-dsym";
				ENABLE_NS_ASSERTIONS = NO;
				ENABLE_STRICT_OBJC_MSGSEND = YES;
				ENABLE_USER_SCRIPT_SANDBOXING = YES;
				GCC_C_LANGUAGE_STANDARD = gnu17;
				GCC_NO_COMMON_BLOCKS = YES;
				GCC_WARN_64_TO_32_BIT_CONVERSION = YES;
				GCC_WARN_ABOUT_RETURN_TYPE = YES_ERROR;
				GCC_WARN_UNDECLARED_SELECTOR = YES;
				GCC_WARN_UNINITIALIZED_AUTOS = YES_AGGRESSIVE;
				GCC_WARN_UNUSED_FUNCTION = YES;
				GCC_WARN_UNUSED_VARIABLE = YES;
				IPHONEOS_DEPLOYMENT_TARGET = 17.0;
				LOCALIZATION_PREFERS_STRING_CATALOGS = YES;
				MTL_ENABLE_DEBUG_INFO = NO;
				MTL_FAST_MATH = YES;
				SDKROOT = iphoneos;
				SWIFT_COMPILATION_MODE = wholemodule;
				VALIDATE_PRODUCT = YES;
			};
			name = Release;
		};
		1495620D2B0216EF006CED34 /* Debug */ = {
			isa = XCBuildConfiguration;
			buildSettings = {
				ASSETCATALOG_COMPILER_APPICON_NAME = AppIcon;
				ASSETCATALOG_COMPILER_GLOBAL_ACCENT_COLOR_NAME = AccentColor;
				CODE_SIGN_STYLE = Automatic;
				CURRENT_PROJECT_VERSION = 1;
				DEVELOPMENT_TEAM = DD66GTY4AT;
				GENERATE_INFOPLIST_FILE = YES;
				INFOPLIST_FILE = LSLProject/Info.plist;
				INFOPLIST_KEY_UIApplicationSupportsIndirectInputEvents = YES;
				INFOPLIST_KEY_UILaunchStoryboardName = LaunchScreen;
				INFOPLIST_KEY_UIMainStoryboardFile = Main;
				INFOPLIST_KEY_UISupportedInterfaceOrientations_iPad = "UIInterfaceOrientationPortrait UIInterfaceOrientationPortraitUpsideDown UIInterfaceOrientationLandscapeLeft UIInterfaceOrientationLandscapeRight";
				INFOPLIST_KEY_UISupportedInterfaceOrientations_iPhone = "UIInterfaceOrientationPortrait UIInterfaceOrientationLandscapeLeft UIInterfaceOrientationLandscapeRight";
				LD_RUNPATH_SEARCH_PATHS = (
					"$(inherited)",
					"@executable_path/Frameworks",
				);
				MARKETING_VERSION = 1.0;
				PRODUCT_BUNDLE_IDENTIFIER = com.raehoon.LSLProject;
				PRODUCT_NAME = "$(TARGET_NAME)";
				SWIFT_EMIT_LOC_STRINGS = YES;
				SWIFT_VERSION = 5.0;
				TARGETED_DEVICE_FAMILY = "1,2";
			};
			name = Debug;
		};
		1495620E2B0216EF006CED34 /* Release */ = {
			isa = XCBuildConfiguration;
			buildSettings = {
				ASSETCATALOG_COMPILER_APPICON_NAME = AppIcon;
				ASSETCATALOG_COMPILER_GLOBAL_ACCENT_COLOR_NAME = AccentColor;
				CODE_SIGN_STYLE = Automatic;
				CURRENT_PROJECT_VERSION = 1;
				DEVELOPMENT_TEAM = DD66GTY4AT;
				GENERATE_INFOPLIST_FILE = YES;
				INFOPLIST_FILE = LSLProject/Info.plist;
				INFOPLIST_KEY_UIApplicationSupportsIndirectInputEvents = YES;
				INFOPLIST_KEY_UILaunchStoryboardName = LaunchScreen;
				INFOPLIST_KEY_UIMainStoryboardFile = Main;
				INFOPLIST_KEY_UISupportedInterfaceOrientations_iPad = "UIInterfaceOrientationPortrait UIInterfaceOrientationPortraitUpsideDown UIInterfaceOrientationLandscapeLeft UIInterfaceOrientationLandscapeRight";
				INFOPLIST_KEY_UISupportedInterfaceOrientations_iPhone = "UIInterfaceOrientationPortrait UIInterfaceOrientationLandscapeLeft UIInterfaceOrientationLandscapeRight";
				LD_RUNPATH_SEARCH_PATHS = (
					"$(inherited)",
					"@executable_path/Frameworks",
				);
				MARKETING_VERSION = 1.0;
				PRODUCT_BUNDLE_IDENTIFIER = com.raehoon.LSLProject;
				PRODUCT_NAME = "$(TARGET_NAME)";
				SWIFT_EMIT_LOC_STRINGS = YES;
				SWIFT_VERSION = 5.0;
				TARGETED_DEVICE_FAMILY = "1,2";
			};
			name = Release;
		};
/* End XCBuildConfiguration section */

/* Begin XCConfigurationList section */
		149561F32B0216ED006CED34 /* Build configuration list for PBXProject "LSLProject" */ = {
			isa = XCConfigurationList;
			buildConfigurations = (
				1495620A2B0216EF006CED34 /* Debug */,
				1495620B2B0216EF006CED34 /* Release */,
			);
			defaultConfigurationIsVisible = 0;
			defaultConfigurationName = Release;
		};
		1495620C2B0216EF006CED34 /* Build configuration list for PBXNativeTarget "LSLProject" */ = {
			isa = XCConfigurationList;
			buildConfigurations = (
				1495620D2B0216EF006CED34 /* Debug */,
				1495620E2B0216EF006CED34 /* Release */,
			);
			defaultConfigurationIsVisible = 0;
			defaultConfigurationName = Release;
		};
/* End XCConfigurationList section */

/* Begin XCRemoteSwiftPackageReference section */
		149562112B0231E3006CED34 /* XCRemoteSwiftPackageReference "SnapKit" */ = {
			isa = XCRemoteSwiftPackageReference;
			repositoryURL = "https://github.com/SnapKit/SnapKit.git";
			requirement = {
				kind = upToNextMajorVersion;
				minimumVersion = 5.6.0;
			};
		};
		149562142B02320A006CED34 /* XCRemoteSwiftPackageReference "RxSwift" */ = {
			isa = XCRemoteSwiftPackageReference;
			repositoryURL = "https://github.com/ReactiveX/RxSwift.git";
			requirement = {
				kind = upToNextMajorVersion;
				minimumVersion = 6.6.0;
			};
		};
		1495621B2B023218006CED34 /* XCRemoteSwiftPackageReference "Kingfisher" */ = {
			isa = XCRemoteSwiftPackageReference;
			repositoryURL = "https://github.com/onevcat/Kingfisher.git";
			requirement = {
				kind = upToNextMajorVersion;
				minimumVersion = 7.10.0;
			};
		};
/* End XCRemoteSwiftPackageReference section */

/* Begin XCSwiftPackageProductDependency section */
		149562122B0231E3006CED34 /* SnapKit */ = {
			isa = XCSwiftPackageProductDependency;
			package = 149562112B0231E3006CED34 /* XCRemoteSwiftPackageReference "SnapKit" */;
			productName = SnapKit;
		};
		149562152B02320A006CED34 /* RxCocoa */ = {
			isa = XCSwiftPackageProductDependency;
			package = 149562142B02320A006CED34 /* XCRemoteSwiftPackageReference "RxSwift" */;
			productName = RxCocoa;
		};
		149562172B02320A006CED34 /* RxRelay */ = {
			isa = XCSwiftPackageProductDependency;
			package = 149562142B02320A006CED34 /* XCRemoteSwiftPackageReference "RxSwift" */;
			productName = RxRelay;
		};
		149562192B02320A006CED34 /* RxSwift */ = {
			isa = XCSwiftPackageProductDependency;
			package = 149562142B02320A006CED34 /* XCRemoteSwiftPackageReference "RxSwift" */;
			productName = RxSwift;
		};
		1495621C2B023218006CED34 /* Kingfisher */ = {
			isa = XCSwiftPackageProductDependency;
			package = 1495621B2B023218006CED34 /* XCRemoteSwiftPackageReference "Kingfisher" */;
			productName = Kingfisher;
		};
/* End XCSwiftPackageProductDependency section */
	};
	rootObject = 149561F02B0216ED006CED34 /* Project object */;
}
